{
  "name": "js-os",
  "version": "4.1.0",
  "lockfileVersion": 3,
  "requires": true,
  "packages": {
    "": {
      "name": "js-os",
      "version": "4.1.0",
      "license": "ISC",
      "dependencies": {
        "port-mapper": "^0.1.3",
        "turn-server": "^0.6.6",
        "ws": "^8.21.3"
      },
      "engines": {
        "node": ">=20.12"
      }
    },
    "node_modules/@rgrove/parse-xml": {
      "version": "4.2.3",
      "resolved": "https://registry.npmjs.org/@rgrove/parse-xml/-/parse-xml-4.2.3.tgz",
      "integrity": "sha512-Jhlb+0zYez1T1yXUQs3F1qAtFuJljBVNdy9TKmLDauAXkxsOXopKYOyQ5Wm6SvP3fycav0GviX4Y15WWhGetMw==",
      "license": "ISC",
      "engines": {
        "node": ">=14.0.0"
      }
    },
    "node_modules/lemon-tls": {
      "version": "0.7.0",
      "resolved": "https://registry.npmjs.org/lemon-tls/-/lemon-tls-0.7.0.tgz",
      "integrity": "sha512-ISJCWju0XZ7/bxMTdMTX7RC9M5Po7FP/ySCO4ktZTdMMXfr32B2OSV3lZ1N3tSxSttB8oL3DAv5SWfL4lFeWCw==",
      "funding": [
        {
          "type": "github",
          "url": "https://github.com/sponsors/colocohen"
        },
        {
          "type": "opencollective",
          "url": "https://opencollective.com/colocohen"
        },
        {
          "type": "buymeacoffee",
          "url": "https://buymeacoffee.com/colocohen"
        }
      ],
      "license": "Apache-2.0",
      "optional": true,
      "engines": {
        "node": ">=16.0.0"
      }
    },
    "node_modules/mdns-local": {
      "version": "0.1.0",
      "resolved": "https://registry.npmjs.org/mdns-local/-/mdns-local-0.1.0.tgz",
      "integrity": "sha512-oeLjn8+LRCnegwvi20mDbcSr1Vjh654AD55SSAJqGZzd7eQ+Ozf31iMWBBCFOjxONt7jXRlcmmK6mCKNOdp5xQ==",
      "funding": [
        {
          "type": "github",
          "url": "https://github.com/sponsors/colocohen"
        }
      ],
      "license": "Apache-2.0",
      "optional": true,
      "engines": {
        "node": ">=18.0.0"
      }
    },
    "node_modules/port-mapper": {
      "version": "0.1.3",
      "resolved": "https://registry.npmjs.org/port-mapper/-/port-mapper-0.1.3.tgz",
      "integrity": "sha512-lsmWlVypRpa/0LodRZAiTDONebqPBLqoxCpSwx0U5xLA2bZhRZ5D7f80c0lC1PZVVpFxMC/rdMFFBJsX1s0PEQ==",
      "funding": [
        {
          "type": "github",
          "url": "https://github.com/sponsors/colocohen"
        }
      ],
      "license": "Apache-2.0",
      "dependencies": {
        "@rgrove/parse-xml": "^4.2.3"
      },
      "engines": {
        "node": ">=18"
      },
      "optionalDependencies": {
        "turn-server": "^0.5.6"
      },
      "peerDependenciesMeta": {
        "turn-server": {
          "optional": true
        }
      }
    },
    "node_modules/port-mapper/node_modules/lemon-tls": {
      "version": "0.5.5",
      "resolved": "https://registry.npmjs.org/lemon-tls/-/lemon-tls-0.5.5.tgz",
      "integrity": "sha512-n65z7gNekhgOzgFumYEpKcPmJSV7pKk7R/zui3wVCn7D1DgK9MDyaD6zA8wkkwIyXTNiorkEBQZjw1E5LL2XMQ==",
      "funding": [
        {
          "type": "github",
          "url": "https://github.com/sponsors/colocohen"
        },
        {
          "type": "opencollective",
          "url": "https://opencollective.com/colocohen"
        },
        {
          "type": "buymeacoffee",
          "url": "https://buymeacoffee.com/colocohen"
        }
      ],
      "license": "Apache-2.0",
      "optional": true,
      "engines": {
        "node": ">=16.0.0"
      }
    },
    "node_modules/port-mapper/node_modules/turn-server": {
      "version": "0.5.6",
      "resolved": "https://registry.npmjs.org/turn-server/-/turn-server-0.5.6.tgz",
      "integrity": "sha512-pOCvLNIBzyVwDSScc8oIwhxNRCVi2LmtDgfja7EVGaw8AwEzT4k5mHI66ynRdiwuin35d54tKAVfDhD4DI53MA==",
      "funding": [
        {
          "type": "github",
          "url": "https://github.com/sponsors/colocohen"
        }
      ],
      "license": "Apache-2.0",
      "optional": true,
      "engines": {
        "node": ">=18.0.0"
      },
      "optionalDependencies": {
        "lemon-tls": "^0.5.5",
        "ws": "^8.18.0"
      }
    },
    "node_modules/turn-server": {
      "version": "0.6.6",
      "resolved": "https://registry.npmjs.org/turn-server/-/turn-server-0.6.6.tgz",
      "integrity": "sha512-82hl3HqjjLb3EnFnGBfCQjnVO5tSUFA6nCwomPKZjFXVYFe8oNTaTIMXr2hcCO9otIpZXaKT7iyJeA6TUknj+g==",
      "funding": [
        {
          "type": "github",
          "url": "https://github.com/sponsors/colocohen"
        }
      ],
      "license": "Apache-2.0",
      "engines": {
        "node": ">=18.0.0"
      },
      "optionalDependencies": {
        "lemon-tls": "^0.7.0",
        "mdns-local": "^0.1.0",
        "port-mapper": "^0.1.3",
        "ws": "^8.18.0"
      }
    },
    "node_modules/ws": {
      "version": "8.21.3",
      "resolved": "https://registry.npmjs.org/ws/-/ws-8.21.3.tgz",
      "integrity": "sha512-201TZ/kPWxoPr/OKWjquZR1SWKXcvxdH+e1xrx89b3YbmzLMFCLfnaG1HFIgWzJOEWZ7MvpK++odZufgYR50Rw==",
      "license": "MIT",
      "engines": {
        "node": ">=10.0.0"
      },
      "peerDependencies": {
        "bufferutil": "^4.0.1",
        "utf-8-validate": ">=5.0.2"
      },
      "peerDependenciesMeta": {
        "bufferutil": {
          "optional": true
        },
        "utf-8-validate": {
          "optional": true
        }
      }
    }
  }
}
